// !$*UTF8*$!
{
	archiveVersion = 1;
	classes = {
	};
	objectVersion = 50;
	objects = {

/* Begin PBXBuildFile section */
		35E363C561EA438EA42DE5CE /* Pods_OffchainPaymentSample.framework in Frameworks */ = {isa = PBXBuildFile; fileRef = 96B454999C82F43D1069BC56 /* Pods_OffchainPaymentSample.framework */; };
		88EC4203F86824C1DDD91BBB /* Pods_MultiplayerGameSample.framework in Frameworks */ = {isa = PBXBuildFile; fileRef = 2FA7681388A1B3BFE793660A /* Pods_MultiplayerGameSample.framework */; };
		AE020C5F217FC203000872F9 /* FaucetHelper.swift in Sources */ = {isa = PBXBuildFile; fileRef = AE020C5E217FC203000872F9 /* FaucetHelper.swift */; };
		AE020C61217FC238000872F9 /* KeyStoreHelper.swift in Sources */ = {isa = PBXBuildFile; fileRef = AE020C60217FC238000872F9 /* KeyStoreHelper.swift */; };
		AE12136B21755C7A004904C1 /* AppDelegate.swift in Sources */ = {isa = PBXBuildFile; fileRef = AE12136A21755C7A004904C1 /* AppDelegate.swift */; };
		AE12137221755C7B004904C1 /* Assets.xcassets in Resources */ = {isa = PBXBuildFile; fileRef = AE12137121755C7B004904C1 /* Assets.xcassets */; };
		AE12137521755C7B004904C1 /* LaunchScreen.storyboard in Resources */ = {isa = PBXBuildFile; fileRef = AE12137321755C7B004904C1 /* LaunchScreen.storyboard */; };
		AE97802421B064A1003D0508 /* KeyStoreHelper.swift in Sources */ = {isa = PBXBuildFile; fileRef = AE020C60217FC238000872F9 /* KeyStoreHelper.swift */; };
		AE97802521B064A1003D0508 /* AppDelegate.swift in Sources */ = {isa = PBXBuildFile; fileRef = AE12136A21755C7A004904C1 /* AppDelegate.swift */; };
		AE97802721B064A1003D0508 /* FaucetHelper.swift in Sources */ = {isa = PBXBuildFile; fileRef = AE020C5E217FC203000872F9 /* FaucetHelper.swift */; };
		AE97802921B064A1003D0508 /* Pods_CelerSDKSamples.framework in Frameworks */ = {isa = PBXBuildFile; fileRef = 97D93FD6552C86C5F8C5B949 /* Pods_CelerSDKSamples.framework */; };
		AE97802B21B064A1003D0508 /* LaunchScreen.storyboard in Resources */ = {isa = PBXBuildFile; fileRef = AE12137321755C7B004904C1 /* LaunchScreen.storyboard */; };
		AE97802C21B064A1003D0508 /* Assets.xcassets in Resources */ = {isa = PBXBuildFile; fileRef = AE12137121755C7B004904C1 /* Assets.xcassets */; };
		AE97803721B0657D003D0508 /* CelerClientAPIHelper.swift in Sources */ = {isa = PBXBuildFile; fileRef = AE97803621B0657D003D0508 /* CelerClientAPIHelper.swift */; };
		AE97803821B0657D003D0508 /* CelerClientAPIHelper.swift in Sources */ = {isa = PBXBuildFile; fileRef = AE97803621B0657D003D0508 /* CelerClientAPIHelper.swift */; };
		AE97804121B07F69003D0508 /* GameSetupViewController.swift in Sources */ = {isa = PBXBuildFile; fileRef = AE97803E21B07F69003D0508 /* GameSetupViewController.swift */; };
		AE97804221B07F69003D0508 /* JoinCelerViewController.swift in Sources */ = {isa = PBXBuildFile; fileRef = AE97803F21B07F69003D0508 /* JoinCelerViewController.swift */; };
		AE97804321B07F69003D0508 /* GameViewController.swift in Sources */ = {isa = PBXBuildFile; fileRef = AE97804021B07F69003D0508 /* GameViewController.swift */; };
		AE97804421B08120003D0508 /* OffChainPaymentViewController.swift in Sources */ = {isa = PBXBuildFile; fileRef = AE97803921B06FB8003D0508 /* OffChainPaymentViewController.swift */; };
		AED5175A21C06CC5009299AE /* OffchainPaymentSample-Info.plist in Resources */ = {isa = PBXBuildFile; fileRef = AED5175921C06CC5009299AE /* OffchainPaymentSample-Info.plist */; };
		D1C9FA7C7741C048F2A870F0 /* Pods_CelerSDKSamples.framework in Frameworks */ = {isa = PBXBuildFile; fileRef = 97D93FD6552C86C5F8C5B949 /* Pods_CelerSDKSamples.framework */; };
/* End PBXBuildFile section */

/* Begin PBXCopyFilesBuildPhase section */
		AE12138021755DB6004904C1 /* Embed Frameworks */ = {
			isa = PBXCopyFilesBuildPhase;
			buildActionMask = 2147483647;
			dstPath = "";
			dstSubfolderSpec = 10;
			files = (
			);
			name = "Embed Frameworks";
			runOnlyForDeploymentPostprocessing = 0;
		};
		AE97802D21B064A1003D0508 /* Embed Frameworks */ = {
			isa = PBXCopyFilesBuildPhase;
			buildActionMask = 2147483647;
			dstPath = "";
			dstSubfolderSpec = 10;
			files = (
			);
			name = "Embed Frameworks";
			runOnlyForDeploymentPostprocessing = 0;
		};
/* End PBXCopyFilesBuildPhase section */

/* Begin PBXFileReference section */
		1CFA3508B3BE0C9975A47128 /* Pods-CelerSDKSamples.debug.xcconfig */ = {isa = PBXFileReference; includeInIndex = 1; lastKnownFileType = text.xcconfig; name = "Pods-CelerSDKSamples.debug.xcconfig"; path = "Pods/Target Support Files/Pods-CelerSDKSamples/Pods-CelerSDKSamples.debug.xcconfig"; sourceTree = "<group>"; };
		2FA7681388A1B3BFE793660A /* Pods_MultiplayerGameSample.framework */ = {isa = PBXFileReference; explicitFileType = wrapper.framework; includeInIndex = 0; path = Pods_MultiplayerGameSample.framework; sourceTree = BUILT_PRODUCTS_DIR; };
		4DE84FD76FF6BD212A2BA425 /* Pods-MultiplayerGameSample.release.xcconfig */ = {isa = PBXFileReference; includeInIndex = 1; lastKnownFileType = text.xcconfig; name = "Pods-MultiplayerGameSample.release.xcconfig"; path = "Pods/Target Support Files/Pods-MultiplayerGameSample/Pods-MultiplayerGameSample.release.xcconfig"; sourceTree = "<group>"; };
		897C6A799850FBFE83AE80CF /* Pods-MultiplayerGameSample.debug.xcconfig */ = {isa = PBXFileReference; includeInIndex = 1; lastKnownFileType = text.xcconfig; name = "Pods-MultiplayerGameSample.debug.xcconfig"; path = "Pods/Target Support Files/Pods-MultiplayerGameSample/Pods-MultiplayerGameSample.debug.xcconfig"; sourceTree = "<group>"; };
		903ADC2C0FC3D0BEEA860A1C /* Pods-OffchainPaymentSample.debug.xcconfig */ = {isa = PBXFileReference; includeInIndex = 1; lastKnownFileType = text.xcconfig; name = "Pods-OffchainPaymentSample.debug.xcconfig"; path = "Pods/Target Support Files/Pods-OffchainPaymentSample/Pods-OffchainPaymentSample.debug.xcconfig"; sourceTree = "<group>"; };
		96B454999C82F43D1069BC56 /* Pods_OffchainPaymentSample.framework */ = {isa = PBXFileReference; explicitFileType = wrapper.framework; includeInIndex = 0; path = Pods_OffchainPaymentSample.framework; sourceTree = BUILT_PRODUCTS_DIR; };
		97D93FD6552C86C5F8C5B949 /* Pods_CelerSDKSamples.framework */ = {isa = PBXFileReference; explicitFileType = wrapper.framework; includeInIndex = 0; path = Pods_CelerSDKSamples.framework; sourceTree = BUILT_PRODUCTS_DIR; };
		AE020C5E217FC203000872F9 /* FaucetHelper.swift */ = {isa = PBXFileReference; lastKnownFileType = sourcecode.swift; path = FaucetHelper.swift; sourceTree = "<group>"; };
		AE020C60217FC238000872F9 /* KeyStoreHelper.swift */ = {isa = PBXFileReference; lastKnownFileType = sourcecode.swift; path = KeyStoreHelper.swift; sourceTree = "<group>"; };
		AE12136721755C7A004904C1 /* MultiplayerGameSample.app */ = {isa = PBXFileReference; explicitFileType = wrapper.application; includeInIndex = 0; path = MultiplayerGameSample.app; sourceTree = BUILT_PRODUCTS_DIR; };
		AE12136A21755C7A004904C1 /* AppDelegate.swift */ = {isa = PBXFileReference; lastKnownFileType = sourcecode.swift; path = AppDelegate.swift; sourceTree = "<group>"; };
		AE12137121755C7B004904C1 /* Assets.xcassets */ = {isa = PBXFileReference; lastKnownFileType = folder.assetcatalog; path = Assets.xcassets; sourceTree = "<group>"; };
		AE12137421755C7B004904C1 /* Base */ = {isa = PBXFileReference; lastKnownFileType = file.storyboard; name = Base; path = Base.lproj/LaunchScreen.storyboard; sourceTree = "<group>"; };
		AE12137621755C7B004904C1 /* MultiplayerGameSample-Info.plist */ = {isa = PBXFileReference; lastKnownFileType = text.plist.xml; path = "MultiplayerGameSample-Info.plist"; sourceTree = "<group>"; };
		AE97803221B064A1003D0508 /* OffchainPaymentSample.app */ = {isa = PBXFileReference; explicitFileType = wrapper.application; includeInIndex = 0; path = OffchainPaymentSample.app; sourceTree = BUILT_PRODUCTS_DIR; };
		AE97803621B0657D003D0508 /* CelerClientAPIHelper.swift */ = {isa = PBXFileReference; lastKnownFileType = sourcecode.swift; path = CelerClientAPIHelper.swift; sourceTree = "<group>"; };
		AE97803921B06FB8003D0508 /* OffChainPaymentViewController.swift */ = {isa = PBXFileReference; lastKnownFileType = sourcecode.swift; path = OffChainPaymentViewController.swift; sourceTree = "<group>"; };
		AE97803E21B07F69003D0508 /* GameSetupViewController.swift */ = {isa = PBXFileReference; fileEncoding = 4; lastKnownFileType = sourcecode.swift; path = GameSetupViewController.swift; sourceTree = "<group>"; };
		AE97803F21B07F69003D0508 /* JoinCelerViewController.swift */ = {isa = PBXFileReference; fileEncoding = 4; lastKnownFileType = sourcecode.swift; path = JoinCelerViewController.swift; sourceTree = "<group>"; };
		AE97804021B07F69003D0508 /* GameViewController.swift */ = {isa = PBXFileReference; fileEncoding = 4; lastKnownFileType = sourcecode.swift; path = GameViewController.swift; sourceTree = "<group>"; };
		AED5175921C06CC5009299AE /* OffchainPaymentSample-Info.plist */ = {isa = PBXFileReference; fileEncoding = 4; lastKnownFileType = text.plist.xml; path = "OffchainPaymentSample-Info.plist"; sourceTree = "<group>"; };
		C62BC194845366BA0FA74CD0 /* Pods-OffchainPaymentSample.release.xcconfig */ = {isa = PBXFileReference; includeInIndex = 1; lastKnownFileType = text.xcconfig; name = "Pods-OffchainPaymentSample.release.xcconfig"; path = "Pods/Target Support Files/Pods-OffchainPaymentSample/Pods-OffchainPaymentSample.release.xcconfig"; sourceTree = "<group>"; };
		E3FD60E5A3562E8B1449F7DE /* Pods-CelerSDKSamples.release.xcconfig */ = {isa = PBXFileReference; includeInIndex = 1; lastKnownFileType = text.xcconfig; name = "Pods-CelerSDKSamples.release.xcconfig"; path = "Pods/Target Support Files/Pods-CelerSDKSamples/Pods-CelerSDKSamples.release.xcconfig"; sourceTree = "<group>"; };
/* End PBXFileReference section */

/* Begin PBXFrameworksBuildPhase section */
		AE12136421755C7A004904C1 /* Frameworks */ = {
			isa = PBXFrameworksBuildPhase;
			buildActionMask = 2147483647;
			files = (
				D1C9FA7C7741C048F2A870F0 /* Pods_CelerSDKSamples.framework in Frameworks */,
				88EC4203F86824C1DDD91BBB /* Pods_MultiplayerGameSample.framework in Frameworks */,
			);
			runOnlyForDeploymentPostprocessing = 0;
		};
		AE97802821B064A1003D0508 /* Frameworks */ = {
			isa = PBXFrameworksBuildPhase;
			buildActionMask = 2147483647;
			files = (
				AE97802921B064A1003D0508 /* Pods_CelerSDKSamples.framework in Frameworks */,
				35E363C561EA438EA42DE5CE /* Pods_OffchainPaymentSample.framework in Frameworks */,
			);
			runOnlyForDeploymentPostprocessing = 0;
		};
/* End PBXFrameworksBuildPhase section */

/* Begin PBXGroup section */
		360809DFEFD861D6DCDDCC62 /* Frameworks */ = {
			isa = PBXGroup;
			children = (
				97D93FD6552C86C5F8C5B949 /* Pods_CelerSDKSamples.framework */,
				2FA7681388A1B3BFE793660A /* Pods_MultiplayerGameSample.framework */,
				96B454999C82F43D1069BC56 /* Pods_OffchainPaymentSample.framework */,
			);
			name = Frameworks;
			sourceTree = "<group>";
		};
		836AFCE5F3412BCE58695C91 /* Pods */ = {
			isa = PBXGroup;
			children = (
				1CFA3508B3BE0C9975A47128 /* Pods-CelerSDKSamples.debug.xcconfig */,
				E3FD60E5A3562E8B1449F7DE /* Pods-CelerSDKSamples.release.xcconfig */,
				897C6A799850FBFE83AE80CF /* Pods-MultiplayerGameSample.debug.xcconfig */,
				4DE84FD76FF6BD212A2BA425 /* Pods-MultiplayerGameSample.release.xcconfig */,
				903ADC2C0FC3D0BEEA860A1C /* Pods-OffchainPaymentSample.debug.xcconfig */,
				C62BC194845366BA0FA74CD0 /* Pods-OffchainPaymentSample.release.xcconfig */,
			);
			name = Pods;
			sourceTree = "<group>";
		};
		AE12135E21755C7A004904C1 = {
			isa = PBXGroup;
			children = (
				AE12136921755C7A004904C1 /* CelerSDKSamples */,
				AE12136821755C7A004904C1 /* Products */,
				836AFCE5F3412BCE58695C91 /* Pods */,
				360809DFEFD861D6DCDDCC62 /* Frameworks */,
			);
			sourceTree = "<group>";
		};
		AE12136821755C7A004904C1 /* Products */ = {
			isa = PBXGroup;
			children = (
				AE12136721755C7A004904C1 /* MultiplayerGameSample.app */,
				AE97803221B064A1003D0508 /* OffchainPaymentSample.app */,
			);
			name = Products;
			sourceTree = "<group>";
		};
		AE12136921755C7A004904C1 /* CelerSDKSamples */ = {
			isa = PBXGroup;
			children = (
				AE97803D21B07F69003D0508 /* MultiplayerGameSample */,
				AE97803521B0652B003D0508 /* OffchainPaymentSample */,
				AE97803421B064D7003D0508 /* info.plists */,
				AE12136A21755C7A004904C1 /* AppDelegate.swift */,
				AE12137121755C7B004904C1 /* Assets.xcassets */,
				AE12137321755C7B004904C1 /* LaunchScreen.storyboard */,
			);
			path = CelerSDKSamples;
			sourceTree = "<group>";
		};
		AE97803421B064D7003D0508 /* info.plists */ = {
			isa = PBXGroup;
			children = (
				AED5175921C06CC5009299AE /* OffchainPaymentSample-Info.plist */,
				AE12137621755C7B004904C1 /* MultiplayerGameSample-Info.plist */,
			);
			path = info.plists;
			sourceTree = "<group>";
		};
		AE97803521B0652B003D0508 /* OffchainPaymentSample */ = {
			isa = PBXGroup;
			children = (
				AE020C5E217FC203000872F9 /* FaucetHelper.swift */,
				AE020C60217FC238000872F9 /* KeyStoreHelper.swift */,
				AE97803621B0657D003D0508 /* CelerClientAPIHelper.swift */,
				AE97803921B06FB8003D0508 /* OffChainPaymentViewController.swift */,
			);
			path = OffchainPaymentSample;
			sourceTree = "<group>";
		};
		AE97803D21B07F69003D0508 /* MultiplayerGameSample */ = {
			isa = PBXGroup;
			children = (
				AE97803E21B07F69003D0508 /* GameSetupViewController.swift */,
				AE97803F21B07F69003D0508 /* JoinCelerViewController.swift */,
				AE97804021B07F69003D0508 /* GameViewController.swift */,
			);
			path = MultiplayerGameSample;
			sourceTree = "<group>";
		};
/* End PBXGroup section */

/* Begin PBXNativeTarget section */
		AE12136621755C7A004904C1 /* MultiplayerGameSample */ = {
			isa = PBXNativeTarget;
			buildConfigurationList = AE12137921755C7B004904C1 /* Build configuration list for PBXNativeTarget "MultiplayerGameSample" */;
			buildPhases = (
				3CEF103791A7EA8AC4C952B8 /* [CP] Check Pods Manifest.lock */,
				AE12136321755C7A004904C1 /* Sources */,
				AE12136421755C7A004904C1 /* Frameworks */,
				AE12136521755C7A004904C1 /* Resources */,
				AE12138021755DB6004904C1 /* Embed Frameworks */,
				AEF1F50BB5152757C7B78864 /* [CP] Embed Pods Frameworks */,
			);
			buildRules = (
			);
			dependencies = (
			);
			name = MultiplayerGameSample;
			productName = CelerSDKSamples;
			productReference = AE12136721755C7A004904C1 /* MultiplayerGameSample.app */;
			productType = "com.apple.product-type.application";
		};
		AE97801F21B064A1003D0508 /* OffchainPaymentSample */ = {
			isa = PBXNativeTarget;
			buildConfigurationList = AE97802F21B064A1003D0508 /* Build configuration list for PBXNativeTarget "OffchainPaymentSample" */;
			buildPhases = (
				AE97802021B064A1003D0508 /* [CP] Check Pods Manifest.lock */,
				AE97802121B064A1003D0508 /* Sources */,
				AE97802821B064A1003D0508 /* Frameworks */,
				AE97802A21B064A1003D0508 /* Resources */,
				AE97802D21B064A1003D0508 /* Embed Frameworks */,
				AE97802E21B064A1003D0508 /* [CP] Embed Pods Frameworks */,
			);
			buildRules = (
			);
			dependencies = (
			);
			name = OffchainPaymentSample;
			productName = CelerSDKSamples;
			productReference = AE97803221B064A1003D0508 /* OffchainPaymentSample.app */;
			productType = "com.apple.product-type.application";
		};
/* End PBXNativeTarget section */

/* Begin PBXProject section */
		AE12135F21755C7A004904C1 /* Project object */ = {
			isa = PBXProject;
			attributes = {
				LastSwiftUpdateCheck = 1000;
				LastUpgradeCheck = 1000;
				TargetAttributes = {
					AE12136621755C7A004904C1 = {
						CreatedOnToolsVersion = 10.0;
					};
					AE97801F21B064A1003D0508 = {
						SystemCapabilities = {
							com.apple.BackgroundModes = {
								enabled = 0;
							};
						};
					};
				};
			};
			buildConfigurationList = AE12136221755C7A004904C1 /* Build configuration list for PBXProject "CelerSDKSamples" */;
			compatibilityVersion = "Xcode 9.3";
			developmentRegion = en;
			hasScannedForEncodings = 0;
			knownRegions = (
				en,
				Base,
			);
			mainGroup = AE12135E21755C7A004904C1;
			productRefGroup = AE12136821755C7A004904C1 /* Products */;
			projectDirPath = "";
			projectRoot = "";
			targets = (
				AE97801F21B064A1003D0508 /* OffchainPaymentSample */,
				AE12136621755C7A004904C1 /* MultiplayerGameSample */,
			);
		};
/* End PBXProject section */

/* Begin PBXResourcesBuildPhase section */
		AE12136521755C7A004904C1 /* Resources */ = {
			isa = PBXResourcesBuildPhase;
			buildActionMask = 2147483647;
			files = (
				AE12137521755C7B004904C1 /* LaunchScreen.storyboard in Resources */,
				AE12137221755C7B004904C1 /* Assets.xcassets in Resources */,
			);
			runOnlyForDeploymentPostprocessing = 0;
		};
		AE97802A21B064A1003D0508 /* Resources */ = {
			isa = PBXResourcesBuildPhase;
			buildActionMask = 2147483647;
			files = (
				AE97802B21B064A1003D0508 /* LaunchScreen.storyboard in Resources */,
				AED5175A21C06CC5009299AE /* OffchainPaymentSample-Info.plist in Resources */,
				AE97802C21B064A1003D0508 /* Assets.xcassets in Resources */,
			);
			runOnlyForDeploymentPostprocessing = 0;
		};
/* End PBXResourcesBuildPhase section */

/* Begin PBXShellScriptBuildPhase section */
		3CEF103791A7EA8AC4C952B8 /* [CP] Check Pods Manifest.lock */ = {
			isa = PBXShellScriptBuildPhase;
			buildActionMask = 2147483647;
			files = (
			);
			inputFileListPaths = (
			);
			inputPaths = (
				"${PODS_PODFILE_DIR_PATH}/Podfile.lock",
				"${PODS_ROOT}/Manifest.lock",
			);
			name = "[CP] Check Pods Manifest.lock";
			outputFileListPaths = (
			);
			outputPaths = (
				"$(DERIVED_FILE_DIR)/Pods-MultiplayerGameSample-checkManifestLockResult.txt",
			);
			runOnlyForDeploymentPostprocessing = 0;
			shellPath = /bin/sh;
			shellScript = "diff \"${PODS_PODFILE_DIR_PATH}/Podfile.lock\" \"${PODS_ROOT}/Manifest.lock\" > /dev/null\nif [ $? != 0 ] ; then\n    # print error to STDERR\n    echo \"error: The sandbox is not in sync with the Podfile.lock. Run 'pod install' or update your CocoaPods installation.\" >&2\n    exit 1\nfi\n# This output is used by Xcode 'outputs' to avoid re-running this script phase.\necho \"SUCCESS\" > \"${SCRIPT_OUTPUT_FILE_0}\"\n";
			showEnvVarsInLog = 0;
		};
		AE97802021B064A1003D0508 /* [CP] Check Pods Manifest.lock */ = {
			isa = PBXShellScriptBuildPhase;
			buildActionMask = 2147483647;
			files = (
			);
			inputFileListPaths = (
			);
			inputPaths = (
				"${PODS_PODFILE_DIR_PATH}/Podfile.lock",
				"${PODS_ROOT}/Manifest.lock",
			);
			name = "[CP] Check Pods Manifest.lock";
			outputFileListPaths = (
			);
			outputPaths = (
				"$(DERIVED_FILE_DIR)/Pods-OffchainPaymentSample-checkManifestLockResult.txt",
			);
			runOnlyForDeploymentPostprocessing = 0;
			shellPath = /bin/sh;
			shellScript = "diff \"${PODS_PODFILE_DIR_PATH}/Podfile.lock\" \"${PODS_ROOT}/Manifest.lock\" > /dev/null\nif [ $? != 0 ] ; then\n    # print error to STDERR\n    echo \"error: The sandbox is not in sync with the Podfile.lock. Run 'pod install' or update your CocoaPods installation.\" >&2\n    exit 1\nfi\n# This output is used by Xcode 'outputs' to avoid re-running this script phase.\necho \"SUCCESS\" > \"${SCRIPT_OUTPUT_FILE_0}\"\n";
			showEnvVarsInLog = 0;
		};
		AE97802E21B064A1003D0508 /* [CP] Embed Pods Frameworks */ = {
			isa = PBXShellScriptBuildPhase;
			buildActionMask = 2147483647;
			files = (
			);
			inputFileListPaths = (
			);
			inputPaths = (
				"${SRCROOT}/Pods/Target Support Files/Pods-OffchainPaymentSample/Pods-OffchainPaymentSample-frameworks.sh",
				"${BUILT_PRODUCTS_DIR}/Celer/Celer.framework",
			);
			name = "[CP] Embed Pods Frameworks";
			outputFileListPaths = (
			);
			outputPaths = (
				"${TARGET_BUILD_DIR}/${FRAMEWORKS_FOLDER_PATH}/Celer.framework",
			);
			runOnlyForDeploymentPostprocessing = 0;
			shellPath = /bin/sh;
			shellScript = "\"${SRCROOT}/Pods/Target Support Files/Pods-OffchainPaymentSample/Pods-OffchainPaymentSample-frameworks.sh\"\n";
			showEnvVarsInLog = 0;
		};
		AEF1F50BB5152757C7B78864 /* [CP] Embed Pods Frameworks */ = {
			isa = PBXShellScriptBuildPhase;
			buildActionMask = 2147483647;
			files = (
			);
			inputFileListPaths = (
			);
			inputPaths = (
				"${SRCROOT}/Pods/Target Support Files/Pods-MultiplayerGameSample/Pods-MultiplayerGameSample-frameworks.sh",
				"${BUILT_PRODUCTS_DIR}/Celer/Celer.framework",
			);
			name = "[CP] Embed Pods Frameworks";
			outputFileListPaths = (
			);
			outputPaths = (
				"${TARGET_BUILD_DIR}/${FRAMEWORKS_FOLDER_PATH}/Celer.framework",
			);
			runOnlyForDeploymentPostprocessing = 0;
			shellPath = /bin/sh;
			shellScript = "\"${SRCROOT}/Pods/Target Support Files/Pods-MultiplayerGameSample/Pods-MultiplayerGameSample-frameworks.sh\"\n";
			showEnvVarsInLog = 0;
		};
/* End PBXShellScriptBuildPhase section */

/* Begin PBXSourcesBuildPhase section */
		AE12136321755C7A004904C1 /* Sources */ = {
			isa = PBXSourcesBuildPhase;
			buildActionMask = 2147483647;
			files = (
				AE97803721B0657D003D0508 /* CelerClientAPIHelper.swift in Sources */,
				AE020C61217FC238000872F9 /* KeyStoreHelper.swift in Sources */,
				AE12136B21755C7A004904C1 /* AppDelegate.swift in Sources */,
				AE97804321B07F69003D0508 /* GameViewController.swift in Sources */,
				AE97804121B07F69003D0508 /* GameSetupViewController.swift in Sources */,
				AE020C5F217FC203000872F9 /* FaucetHelper.swift in Sources */,
				AE97804221B07F69003D0508 /* JoinCelerViewController.swift in Sources */,
			);
			runOnlyForDeploymentPostprocessing = 0;
		};
		AE97802121B064A1003D0508 /* Sources */ = {
			isa = PBXSourcesBuildPhase;
			buildActionMask = 2147483647;
			files = (
				AE97803821B0657D003D0508 /* CelerClientAPIHelper.swift in Sources */,
				AE97804421B08120003D0508 /* OffChainPaymentViewController.swift in Sources */,
				AE97802421B064A1003D0508 /* KeyStoreHelper.swift in Sources */,
				AE97802521B064A1003D0508 /* AppDelegate.swift in Sources */,
				AE97802721B064A1003D0508 /* FaucetHelper.swift in Sources */,
			);
			runOnlyForDeploymentPostprocessing = 0;
		};
/* End PBXSourcesBuildPhase section */

/* Begin PBXVariantGroup section */
		AE12137321755C7B004904C1 /* LaunchScreen.storyboard */ = {
			isa = PBXVariantGroup;
			children = (
				AE12137421755C7B004904C1 /* Base */,
			);
			name = LaunchScreen.storyboard;
			sourceTree = "<group>";
		};
/* End PBXVariantGroup section */

/* Begin XCBuildConfiguration section */
		AE12137721755C7B004904C1 /* Debug */ = {
			isa = XCBuildConfiguration;
			buildSettings = {
				ALWAYS_SEARCH_USER_PATHS = NO;
				CLANG_ANALYZER_NONNULL = YES;
				CLANG_ANALYZER_NUMBER_OBJECT_CONVERSION = YES_AGGRESSIVE;
				CLANG_CXX_LANGUAGE_STANDARD = "gnu++14";
				CLANG_CXX_LIBRARY = "libc++";
				CLANG_ENABLE_MODULES = YES;
				CLANG_ENABLE_OBJC_ARC = YES;
				CLANG_ENABLE_OBJC_WEAK = YES;
				CLANG_WARN_BLOCK_CAPTURE_AUTORELEASING = YES;
				CLANG_WARN_BOOL_CONVERSION = YES;
				CLANG_WARN_COMMA = YES;
				CLANG_WARN_CONSTANT_CONVERSION = YES;
				CLANG_WARN_DEPRECATED_OBJC_IMPLEMENTATIONS = YES;
				CLANG_WARN_DIRECT_OBJC_ISA_USAGE = YES_ERROR;
				CLANG_WARN_DOCUMENTATION_COMMENTS = YES;
				CLANG_WARN_EMPTY_BODY = YES;
				CLANG_WARN_ENUM_CONVERSION = YES;
				CLANG_WARN_INFINITE_RECURSION = YES;
				CLANG_WARN_INT_CONVERSION = YES;
				CLANG_WARN_NON_LITERAL_NULL_CONVERSION = YES;
				CLANG_WARN_OBJC_IMPLICIT_RETAIN_SELF = YES;
				CLANG_WARN_OBJC_LITERAL_CONVERSION = YES;
				CLANG_WARN_OBJC_ROOT_CLASS = YES_ERROR;
				CLANG_WARN_RANGE_LOOP_ANALYSIS = YES;
				CLANG_WARN_STRICT_PROTOTYPES = YES;
				CLANG_WARN_SUSPICIOUS_MOVE = YES;
				CLANG_WARN_UNGUARDED_AVAILABILITY = YES_AGGRESSIVE;
				CLANG_WARN_UNREACHABLE_CODE = YES;
				CLANG_WARN__DUPLICATE_METHOD_MATCH = YES;
				CODE_SIGN_IDENTITY = "iPhone Developer";
				COPY_PHASE_STRIP = NO;
				DEBUG_INFORMATION_FORMAT = dwarf;
				ENABLE_STRICT_OBJC_MSGSEND = YES;
				ENABLE_TESTABILITY = YES;
				GCC_C_LANGUAGE_STANDARD = gnu11;
				GCC_DYNAMIC_NO_PIC = NO;
				GCC_NO_COMMON_BLOCKS = YES;
				GCC_OPTIMIZATION_LEVEL = 0;
				GCC_PREPROCESSOR_DEFINITIONS = (
					"DEBUG=1",
					"$(inherited)",
				);
				GCC_WARN_64_TO_32_BIT_CONVERSION = YES;
				GCC_WARN_ABOUT_RETURN_TYPE = YES_ERROR;
				GCC_WARN_UNDECLARED_SELECTOR = YES;
				GCC_WARN_UNINITIALIZED_AUTOS = YES_AGGRESSIVE;
				GCC_WARN_UNUSED_FUNCTION = YES;
				GCC_WARN_UNUSED_VARIABLE = YES;
				IPHONEOS_DEPLOYMENT_TARGET = 12.0;
				MTL_ENABLE_DEBUG_INFO = INCLUDE_SOURCE;
				MTL_FAST_MATH = YES;
				ONLY_ACTIVE_ARCH = YES;
				SDKROOT = iphoneos;
				SWIFT_ACTIVE_COMPILATION_CONDITIONS = DEBUG;
				SWIFT_OPTIMIZATION_LEVEL = "-Onone";
			};
			name = Debug;
		};
		AE12137821755C7B004904C1 /* Release */ = {
			isa = XCBuildConfiguration;
			buildSettings = {
				ALWAYS_SEARCH_USER_PATHS = NO;
				CLANG_ANALYZER_NONNULL = YES;
				CLANG_ANALYZER_NUMBER_OBJECT_CONVERSION = YES_AGGRESSIVE;
				CLANG_CXX_LANGUAGE_STANDARD = "gnu++14";
				CLANG_CXX_LIBRARY = "libc++";
				CLANG_ENABLE_MODULES = YES;
				CLANG_ENABLE_OBJC_ARC = YES;
				CLANG_ENABLE_OBJC_WEAK = YES;
				CLANG_WARN_BLOCK_CAPTURE_AUTORELEASING = YES;
				CLANG_WARN_BOOL_CONVERSION = YES;
				CLANG_WARN_COMMA = YES;
				CLANG_WARN_CONSTANT_CONVERSION = YES;
				CLANG_WARN_DEPRECATED_OBJC_IMPLEMENTATIONS = YES;
				CLANG_WARN_DIRECT_OBJC_ISA_USAGE = YES_ERROR;
				CLANG_WARN_DOCUMENTATION_COMMENTS = YES;
				CLANG_WARN_EMPTY_BODY = YES;
				CLANG_WARN_ENUM_CONVERSION = YES;
				CLANG_WARN_INFINITE_RECURSION = YES;
				CLANG_WARN_INT_CONVERSION = YES;
				CLANG_WARN_NON_LITERAL_NULL_CONVERSION = YES;
				CLANG_WARN_OBJC_IMPLICIT_RETAIN_SELF = YES;
				CLANG_WARN_OBJC_LITERAL_CONVERSION = YES;
				CLANG_WARN_OBJC_ROOT_CLASS = YES_ERROR;
				CLANG_WARN_RANGE_LOOP_ANALYSIS = YES;
				CLANG_WARN_STRICT_PROTOTYPES = YES;
				CLANG_WARN_SUSPICIOUS_MOVE = YES;
				CLANG_WARN_UNGUARDED_AVAILABILITY = YES_AGGRESSIVE;
				CLANG_WARN_UNREACHABLE_CODE = YES;
				CLANG_WARN__DUPLICATE_METHOD_MATCH = YES;
				CODE_SIGN_IDENTITY = "iPhone Developer";
				COPY_PHASE_STRIP = NO;
				DEBUG_INFORMATION_FORMAT = "dwarf-with-dsym";
				ENABLE_NS_ASSERTIONS = NO;
				ENABLE_STRICT_OBJC_MSGSEND = YES;
				GCC_C_LANGUAGE_STANDARD = gnu11;
				GCC_NO_COMMON_BLOCKS = YES;
				GCC_WARN_64_TO_32_BIT_CONVERSION = YES;
				GCC_WARN_ABOUT_RETURN_TYPE = YES_ERROR;
				GCC_WARN_UNDECLARED_SELECTOR = YES;
				GCC_WARN_UNINITIALIZED_AUTOS = YES_AGGRESSIVE;
				GCC_WARN_UNUSED_FUNCTION = YES;
				GCC_WARN_UNUSED_VARIABLE = YES;
				IPHONEOS_DEPLOYMENT_TARGET = 12.0;
				MTL_ENABLE_DEBUG_INFO = NO;
				MTL_FAST_MATH = YES;
				SDKROOT = iphoneos;
				SWIFT_COMPILATION_MODE = wholemodule;
				SWIFT_OPTIMIZATION_LEVEL = "-O";
				VALIDATE_PRODUCT = YES;
			};
			name = Release;
		};
		AE12137A21755C7B004904C1 /* Debug */ = {
			isa = XCBuildConfiguration;
			baseConfigurationReference = 897C6A799850FBFE83AE80CF /* Pods-MultiplayerGameSample.debug.xcconfig */;
			buildSettings = {
				ASSETCATALOG_COMPILER_APPICON_NAME = AppIcon;
				CODE_SIGN_STYLE = Automatic;
				DEVELOPMENT_TEAM = QAC7YX36PP;
				ENABLE_BITCODE = NO;
				FRAMEWORK_SEARCH_PATHS = (
					"$(inherited)",
					"$(PROJECT_DIR)",
				);
				INFOPLIST_FILE = "$(SRCROOT)/CelerSDKSamples/info.plists/MultiplayerGameSample-Info.plist";
				IPHONEOS_DEPLOYMENT_TARGET = 11.0;
				LD_RUNPATH_SEARCH_PATHS = (
					"$(inherited)",
					"@executable_path/Frameworks",
				);
				PRODUCT_BUNDLE_IDENTIFIER = com.example.CelerSDKSamples;
				PRODUCT_NAME = "$(TARGET_NAME)";
				SWIFT_VERSION = 4.2;
				TARGETED_DEVICE_FAMILY = "1,2";
			};
			name = Debug;
		};
		AE12137B21755C7B004904C1 /* Release */ = {
			isa = XCBuildConfiguration;
			baseConfigurationReference = 4DE84FD76FF6BD212A2BA425 /* Pods-MultiplayerGameSample.release.xcconfig */;
			buildSettings = {
				ASSETCATALOG_COMPILER_APPICON_NAME = AppIcon;
				CODE_SIGN_STYLE = Automatic;
				DEVELOPMENT_TEAM = QAC7YX36PP;
				ENABLE_BITCODE = NO;
				FRAMEWORK_SEARCH_PATHS = (
					"$(inherited)",
					"$(PROJECT_DIR)",
				);
				INFOPLIST_FILE = "$(SRCROOT)/CelerSDKSamples/info.plists/MultiplayerGameSample-Info.plist";
				IPHONEOS_DEPLOYMENT_TARGET = 11.0;
				LD_RUNPATH_SEARCH_PATHS = (
					"$(inherited)",
					"@executable_path/Frameworks",
				);
				PRODUCT_BUNDLE_IDENTIFIER = com.example.CelerSDKSamples;
				PRODUCT_NAME = "$(TARGET_NAME)";
				SWIFT_VERSION = 4.2;
				TARGETED_DEVICE_FAMILY = "1,2";
			};
			name = Release;
		};
		AE97803021B064A1003D0508 /* Debug */ = {
			isa = XCBuildConfiguration;
			baseConfigurationReference = 903ADC2C0FC3D0BEEA860A1C /* Pods-OffchainPaymentSample.debug.xcconfig */;
			buildSettings = {
				ASSETCATALOG_COMPILER_APPICON_NAME = AppIcon;
				CODE_SIGN_STYLE = Automatic;
				DEVELOPMENT_TEAM = QAC7YX36PP;
				ENABLE_BITCODE = NO;
				FRAMEWORK_SEARCH_PATHS = (
					"$(inherited)",
					"$(PROJECT_DIR)",
				);
				INFOPLIST_FILE = "$(SRCROOT)/CelerSDKSamples/info.plists/OffchainPaymentSample-Info.plist";
				IPHONEOS_DEPLOYMENT_TARGET = 11.0;
				LD_RUNPATH_SEARCH_PATHS = (
					"$(inherited)",
					"@executable_path/Frameworks",
				);
				OTHER_SWIFT_FLAGS = "";
				PRODUCT_BUNDLE_IDENTIFIER = com.example.CelerSDKSamples;
				PRODUCT_NAME = "$(TARGET_NAME)";
				SWIFT_ACTIVE_COMPILATION_CONDITIONS = "";
				SWIFT_VERSION = 4.2;
				TARGETED_DEVICE_FAMILY = "1,2";
			};
			name = Debug;
		};
		AE97803121B064A1003D0508 /* Release */ = {
			isa = XCBuildConfiguration;
			baseConfigurationReference = C62BC194845366BA0FA74CD0 /* Pods-OffchainPaymentSample.release.xcconfig */;
			buildSettings = {
				ASSETCATALOG_COMPILER_APPICON_NAME = AppIcon;
				CODE_SIGN_STYLE = Automatic;
				DEVELOPMENT_TEAM = QAC7YX36PP;
				ENABLE_BITCODE = NO;
				FRAMEWORK_SEARCH_PATHS = (
					"$(inherited)",
					"$(PROJECT_DIR)",
				);
				INFOPLIST_FILE = "$(SRCROOT)/CelerSDKSamples/info.plists/OffchainPaymentSample-Info.plist";
				IPHONEOS_DEPLOYMENT_TARGET = 11.0;
				LD_RUNPATH_SEARCH_PATHS = (
					"$(inherited)",
					"@executable_path/Frameworks",
				);
				OTHER_SWIFT_FLAGS = "";
				PRODUCT_BUNDLE_IDENTIFIER = com.example.CelerSDKSamples;
				PRODUCT_NAME = "$(TARGET_NAME)";
				SWIFT_ACTIVE_COMPILATION_CONDITIONS = "";
				SWIFT_VERSION = 4.2;
				TARGETED_DEVICE_FAMILY = "1,2";
			};
			name = Release;
		};
/* End XCBuildConfiguration section */

/* Begin XCConfigurationList section */
		AE12136221755C7A004904C1 /* Build configuration list for PBXProject "CelerSDKSamples" */ = {
			isa = XCConfigurationList;
			buildConfigurations = (
				AE12137721755C7B004904C1 /* Debug */,
				AE12137821755C7B004904C1 /* Release */,
			);
			defaultConfigurationIsVisible = 0;
			defaultConfigurationName = Release;
		};
		AE12137921755C7B004904C1 /* Build configuration list for PBXNativeTarget "MultiplayerGameSample" */ = {
			isa = XCConfigurationList;
			buildConfigurations = (
				AE12137A21755C7B004904C1 /* Debug */,
				AE12137B21755C7B004904C1 /* Release */,
			);
			defaultConfigurationIsVisible = 0;
			defaultConfigurationName = Release;
		};
		AE97802F21B064A1003D0508 /* Build configuration list for PBXNativeTarget "OffchainPaymentSample" */ = {
			isa = XCConfigurationList;
			buildConfigurations = (
				AE97803021B064A1003D0508 /* Debug */,
				AE97803121B064A1003D0508 /* Release */,
			);
			defaultConfigurationIsVisible = 0;
			defaultConfigurationName = Release;
		};
/* End XCConfigurationList section */
	};
	rootObject = AE12135F21755C7A004904C1 /* Project object */;
}
